{
  "lockfileVersion": 1,
  "configVersion": 1,
  "workspaces": {
    "": {
      "name": "aop",
      "devDependencies": {
        "@biomejs/biome": "^2.3.13",
        "@types/bun": "^1.3.8",
        "lefthook": "^2.0.16",
        "typescript": "^5.9.3",
      },
    },
    "apps/cli": {
      "name": "@aop/cli",
      "version": "0.1.0",
      "bin": {
        "aop": "./src/main.ts",
      },
      "dependencies": {
        "@aop/common": "workspace:*",
        "@aop/git-manager": "workspace:*",
        "@aop/infra": "workspace:*",
        "@aop/llm-provider": "workspace:*",
        "handlebars": "^4.7.8",
        "kysely": "^0.28.2",
        "kysely-bun-sqlite": "^0.3.2",
      },
      "devDependencies": {
        "@types/bun": "^1.3.8",
        "typescript": "^5.9.3",
      },
    },
    "apps/server": {
      "name": "@aop/server",
      "version": "0.1.0",
      "dependencies": {
        "@aop/common": "workspace:*",
        "@aop/infra": "workspace:*",
        "handlebars": "^4.7.8",
        "hono": "^4.11.7",
        "kysely": "^0.28.2",
        "kysely-postgres-js": "^3.0.0",
        "postgres": "^3.4.8",
        "zod": "^4.3.6",
      },
      "devDependencies": {
        "@types/bun": "^1.3.8",
        "typescript": "^5.9.3",
      },
    },
    "e2e-tests": {
      "name": "@aop/e2e-tests",
      "version": "0.1.0",
      "dependencies": {
        "@aop/cli": "workspace:*",
        "@aop/common": "workspace:*",
        "@aop/server": "workspace:*",
        "kysely": "^0.28.2",
        "kysely-postgres-js": "^3.0.0",
        "postgres": "^3.4.8",
      },
      "devDependencies": {
        "@types/bun": "^1.3.8",
        "typescript": "^5.9.3",
      },
    },
    "packages/common": {
      "name": "@aop/common",
      "version": "0.1.0",
      "dependencies": {
        "zod": "^4.3.6",
      },
      "devDependencies": {
        "@types/bun": "^1.3.8",
        "typescript": "^5.9.3",
      },
    },
    "packages/git-manager": {
      "name": "@aop/git-manager",
      "version": "0.1.0",
      "dependencies": {
        "@aop/infra": "workspace:*",
      },
      "devDependencies": {
        "@types/bun": "^1.3.8",
        "typescript": "^5.9.3",
      },
    },
    "packages/infra": {
      "name": "@aop/infra",
      "version": "0.1.0",
      "dependencies": {
        "@logtape/file": "^2.0.2",
        "@logtape/logtape": "^2.0.2",
        "@logtape/pretty": "^2.0.2",
        "typeid-js": "^1.2.0",
      },
      "devDependencies": {
        "@types/bun": "^1.3.8",
        "typescript": "^5.9.3",
      },
    },
    "packages/llm-provider": {
      "name": "@aop/llm-provider",
      "version": "0.1.0",
      "dependencies": {
        "@aop/infra": "workspace:*",
      },
      "devDependencies": {
        "@types/bun": "^1.3.8",
        "typescript": "^5.9.3",
      },
    },
    "scripts": {
      "name": "@aop/scripts",
      "dependencies": {
        "@aop/infra": "workspace:*",
        "@aop/llm-provider": "workspace:*",
      },
    },
  },
  "packages": {
    "@aop/cli": ["@aop/cli@workspace:apps/cli"],

    "@aop/common": ["@aop/common@workspace:packages/common"],

    "@aop/e2e-tests": ["@aop/e2e-tests@workspace:e2e-tests"],

    "@aop/git-manager": ["@aop/git-manager@workspace:packages/git-manager"],

    "@aop/infra": ["@aop/infra@workspace:packages/infra"],

    "@aop/llm-provider": ["@aop/llm-provider@workspace:packages/llm-provider"],

    "@aop/scripts": ["@aop/scripts@workspace:scripts"],

    "@aop/server": ["@aop/server@workspace:apps/server"],

    "@biomejs/biome": ["@biomejs/biome@2.3.13", "", { "optionalDependencies": { "@biomejs/cli-darwin-arm64": "2.3.13", "@biomejs/cli-darwin-x64": "2.3.13", "@biomejs/cli-linux-arm64": "2.3.13", "@biomejs/cli-linux-arm64-musl": "2.3.13", "@biomejs/cli-linux-x64": "2.3.13", "@biomejs/cli-linux-x64-musl": "2.3.13", "@biomejs/cli-win32-arm64": "2.3.13", "@biomejs/cli-win32-x64": "2.3.13" }, "bin": { "biome": "bin/biome" } }, "sha512-Fw7UsV0UAtWIBIm0M7g5CRerpu1eKyKAXIazzxhbXYUyMkwNrkX/KLkGI7b+uVDQ5cLUMfOC9vR60q9IDYDstA=="],

    "@biomejs/cli-darwin-arm64": ["@biomejs/cli-darwin-arm64@2.3.13", "", { "os": "darwin", "cpu": "arm64" }, "sha512-0OCwP0/BoKzyJHnFdaTk/i7hIP9JHH9oJJq6hrSCPmJPo8JWcJhprK4gQlhFzrwdTBAW4Bjt/RmCf3ZZe59gwQ=="],

    "@biomejs/cli-darwin-x64": ["@biomejs/cli-darwin-x64@2.3.13", "", { "os": "darwin", "cpu": "x64" }, "sha512-AGr8OoemT/ejynbIu56qeil2+F2WLkIjn2d8jGK1JkchxnMUhYOfnqc9sVzcRxpG9Ycvw4weQ5sprRvtb7Yhcw=="],

    "@biomejs/cli-linux-arm64": ["@biomejs/cli-linux-arm64@2.3.13", "", { "os": "linux", "cpu": "arm64" }, "sha512-xvOiFkrDNu607MPMBUQ6huHmBG1PZLOrqhtK6pXJW3GjfVqJg0Z/qpTdhXfcqWdSZHcT+Nct2fOgewZvytESkw=="],

    "@biomejs/cli-linux-arm64-musl": ["@biomejs/cli-linux-arm64-musl@2.3.13", "", { "os": "linux", "cpu": "arm64" }, "sha512-TUdDCSY+Eo/EHjhJz7P2GnWwfqet+lFxBZzGHldrvULr59AgahamLs/N85SC4+bdF86EhqDuuw9rYLvLFWWlXA=="],

    "@biomejs/cli-linux-x64": ["@biomejs/cli-linux-x64@2.3.13", "", { "os": "linux", "cpu": "x64" }, "sha512-s+YsZlgiXNq8XkgHs6xdvKDFOj/bwTEevqEY6rC2I3cBHbxXYU1LOZstH3Ffw9hE5tE1sqT7U23C00MzkXztMw=="],

    "@biomejs/cli-linux-x64-musl": ["@biomejs/cli-linux-x64-musl@2.3.13", "", { "os": "linux", "cpu": "x64" }, "sha512-0bdwFVSbbM//Sds6OjtnmQGp4eUjOTt6kHvR/1P0ieR9GcTUAlPNvPC3DiavTqq302W34Ae2T6u5VVNGuQtGlQ=="],

    "@biomejs/cli-win32-arm64": ["@biomejs/cli-win32-arm64@2.3.13", "", { "os": "win32", "cpu": "arm64" }, "sha512-QweDxY89fq0VvrxME+wS/BXKmqMrOTZlN9SqQ79kQSIc3FrEwvW/PvUegQF6XIVaekncDykB5dzPqjbwSKs9DA=="],

    "@biomejs/cli-win32-x64": ["@biomejs/cli-win32-x64@2.3.13", "", { "os": "win32", "cpu": "x64" }, "sha512-trDw2ogdM2lyav9WFQsdsfdVy1dvZALymRpgmWsvSez0BJzBjulhOT/t+wyKeh3pZWvwP3VMs1SoOKwO3wecMQ=="],

    "@logtape/file": ["@logtape/file@2.0.2", "", { "peerDependencies": { "@logtape/logtape": "^2.0.2" } }, "sha512-M+xrTu1B+7IGhXqvZlT2mxnY2u1y/6K8Tp16MMwx16rSdz7CKGaXzlq3RLQYrz1GqtduvqGLHB7Hat1XXnb8VQ=="],

    "@logtape/logtape": ["@logtape/logtape@2.0.2", "", {}, "sha512-cveUBLbCMFkvkLycP/2vNWvywl47JcJbazHIju94/QNGboZ/jyYAgZIm0ZXezAOx3eIz8OG1EOZ5CuQP3+2FQg=="],

    "@logtape/pretty": ["@logtape/pretty@2.0.2", "", { "peerDependencies": { "@logtape/logtape": "^2.0.2" } }, "sha512-WMKoHuaEZvJgDeciIM/OL+joDDlheuoSpkfJOuKncdim7eV6GfIh0BUxLt0Td4JJsljzt5dAttxaX0kXqE0N9Q=="],

    "@types/bun": ["@types/bun@1.3.8", "", { "dependencies": { "bun-types": "1.3.8" } }, "sha512-3LvWJ2q5GerAXYxO2mffLTqOzEu5qnhEAlh48Vnu8WQfnmSwbgagjGZV6BoHKJztENYEDn6QmVd949W4uESRJA=="],

    "@types/node": ["@types/node@25.2.0", "", { "dependencies": { "undici-types": "~7.16.0" } }, "sha512-DZ8VwRFUNzuqJ5khrvwMXHmvPe+zGayJhr2CDNiKB1WBE1ST8Djl00D0IC4vvNmHMdj6DlbYRIaFE7WHjlDl5w=="],

    "bun-types": ["bun-types@1.3.8", "", { "dependencies": { "@types/node": "*" } }, "sha512-fL99nxdOWvV4LqjmC+8Q9kW3M4QTtTR1eePs94v5ctGqU8OeceWrSUaRw3JYb7tU3FkMIAjkueehrHPPPGKi5Q=="],

    "handlebars": ["handlebars@4.7.8", "", { "dependencies": { "minimist": "^1.2.5", "neo-async": "^2.6.2", "source-map": "^0.6.1", "wordwrap": "^1.0.0" }, "optionalDependencies": { "uglify-js": "^3.1.4" }, "bin": { "handlebars": "bin/handlebars" } }, "sha512-vafaFqs8MZkRrSX7sFVUdo3ap/eNiLnb4IakshzvP56X5Nr1iGKAIqdX6tMlm6HcNRIkr6AxO5jFEoJzzpT8aQ=="],

    "hono": ["hono@4.11.7", "", {}, "sha512-l7qMiNee7t82bH3SeyUCt9UF15EVmaBvsppY2zQtrbIhl/yzBTny+YUxsVjSjQ6gaqaeVtZmGocom8TzBlA4Yw=="],

    "kysely": ["kysely@0.28.11", "", {}, "sha512-zpGIFg0HuoC893rIjYX1BETkVWdDnzTzF5e0kWXJFg5lE0k1/LfNWBejrcnOFu8Q2Rfq/hTDTU7XLUM8QOrpzg=="],

    "kysely-bun-sqlite": ["kysely-bun-sqlite@0.3.2", "", { "dependencies": { "bun-types": "^1.0.25" }, "peerDependencies": { "kysely": "^0.27.2" } }, "sha512-YucMcOGGxNCmlAnkvNfTKZX6Bk1sYsuVVXlQN/5ZUgerlq/J9/EuR3aMOOZ25ASLM7oMglSxfeQxkiw0+hrEOQ=="],

    "kysely-postgres-js": ["kysely-postgres-js@3.0.0", "", { "peerDependencies": { "kysely": ">= 0.24.0 < 1", "postgres": "^3.4.0" }, "optionalPeers": ["postgres"] }, "sha512-o2t/xNSYJQDW6rVGGFPXKmZ0BEz2dGn66c2B+cO/k9ZNcU2qPWPycQPQ+B+P2MBXbKYq0xV9BZmFIvkUrmFWAQ=="],

    "lefthook": ["lefthook@2.0.16", "", { "optionalDependencies": { "lefthook-darwin-arm64": "2.0.16", "lefthook-darwin-x64": "2.0.16", "lefthook-freebsd-arm64": "2.0.16", "lefthook-freebsd-x64": "2.0.16", "lefthook-linux-arm64": "2.0.16", "lefthook-linux-x64": "2.0.16", "lefthook-openbsd-arm64": "2.0.16", "lefthook-openbsd-x64": "2.0.16", "lefthook-windows-arm64": "2.0.16", "lefthook-windows-x64": "2.0.16" }, "bin": { "lefthook": "bin/index.js" } }, "sha512-ABs3M5V9c4nqxFnZO509HXuQTu8GM8hmqc9ruV0acQ81yKlxEq70MRoYP5Z1dr5le326X8vA5qj3arJA36yE3A=="],

    "lefthook-darwin-arm64": ["lefthook-darwin-arm64@2.0.16", "", { "os": "darwin", "cpu": "arm64" }, "sha512-kjVHkD7rfPa7M0aKJSx/yatdV9uC6o3cJyzM9zk7cg5HD7alSwchFalgF/P0w6nt7C02rAUx8C05qiWCDWaKeA=="],

    "lefthook-darwin-x64": ["lefthook-darwin-x64@2.0.16", "", { "os": "darwin", "cpu": "x64" }, "sha512-tbJ0mdT49DNRLqknro0BvWrYNC23TTcqBJFQnQ32pq1/H9B87bTNKvKKAtogp/saxfHUzkIq1i3twZlBZ3G3Xw=="],

    "lefthook-freebsd-arm64": ["lefthook-freebsd-arm64@2.0.16", "", { "os": "freebsd", "cpu": "arm64" }, "sha512-wa1KFD5tSUhw3tuetVef/BCSxbbmS7auTDNdoLx3WFeuN5RS15woSN9+E8GPGOOY1g2HCsgdLrhrexEomulfjQ=="],

    "lefthook-freebsd-x64": ["lefthook-freebsd-x64@2.0.16", "", { "os": "freebsd", "cpu": "x64" }, "sha512-UXowfn2e94AwNk9UuoePRK+qiF15jZsssiyA15VK5GTtxpn6Sn+Z2QFciofxJczXXxM4abaf7qgx2OoJBt32VA=="],

    "lefthook-linux-arm64": ["lefthook-linux-arm64@2.0.16", "", { "os": "linux", "cpu": "arm64" }, "sha512-U355elz4Z0AHSVqxfcglN09TGR86ov/GtYlliDknci2mmz6EWLiD3dTYnqJiwa4dYxqmuCDc/DvAL9rgb3YJiQ=="],

    "lefthook-linux-x64": ["lefthook-linux-x64@2.0.16", "", { "os": "linux", "cpu": "x64" }, "sha512-7eAvBeWGAgjOKZ23OQbjJINLPImDIuDeX8dXOfk+aI6IFt2X6KCzRkp+ASUvGQtrPuNZQZT43EhW0/1jZU14ZQ=="],

    "lefthook-openbsd-arm64": ["lefthook-openbsd-arm64@2.0.16", "", { "os": "openbsd", "cpu": "arm64" }, "sha512-Fcd+E17ZkWGnRSQINb5gf+rNy2So5PYn5mBljiC31dl+TgWM8Wy46mSEGveHo7lKCO3q+DkmHIa50Qm58G03AQ=="],

    "lefthook-openbsd-x64": ["lefthook-openbsd-x64@2.0.16", "", { "os": "openbsd", "cpu": "x64" }, "sha512-uL5nOkz8eBtQHped0/tB5X8clZ5kfnyjQrv1fpKbGAjeFHI2J+GmRqcn6Awq2IeuBbQvkyV6jDjpATyHBp5mCA=="],

    "lefthook-windows-arm64": ["lefthook-windows-arm64@2.0.16", "", { "os": "win32", "cpu": "arm64" }, "sha512-U61bNWzD6Vd2kjuJ7b4voPfTQ4mlBFOyTpCU3k/h0YjpKDQEFT1T5fDKkDothdnw/JVDSgrclIcfAY7Jyr/UIg=="],

    "lefthook-windows-x64": ["lefthook-windows-x64@2.0.16", "", { "os": "win32", "cpu": "x64" }, "sha512-dCHi2+hebhPI0LQUGRNjPMsGRyXhrTN3Y/b8M4HO8KVyGamKB3Yemf67ya81tZopDkxNVy5XUBXLYWKGhnAfLQ=="],

    "minimist": ["minimist@1.2.8", "", {}, "sha512-2yyAR8qBkN3YuheJanUpWC5U3bb5osDywNB8RzDVlDwDHbocAJveqqj1u8+SVD7jkWT4yvsHCpWqqWqAxb0zCA=="],

    "neo-async": ["neo-async@2.6.2", "", {}, "sha512-Yd3UES5mWCSqR+qNT93S3UoYUkqAZ9lLg8a7g9rimsWmYGK8cVToA4/sF3RrshdyV3sAGMXVUmpMYOw+dLpOuw=="],

    "postgres": ["postgres@3.4.8", "", {}, "sha512-d+JFcLM17njZaOLkv6SCev7uoLaBtfK86vMUXhW1Z4glPWh4jozno9APvW/XKFJ3CCxVoC7OL38BqRydtu5nGg=="],

    "source-map": ["source-map@0.6.1", "", {}, "sha512-UjgapumWlbMhkBgzT7Ykc5YXUT46F0iKu8SGXq0bcwP5dz/h0Plj6enJqjz1Zbq2l5WaqYnrVbwWOWMyF3F47g=="],

    "typeid-js": ["typeid-js@1.2.0", "", { "dependencies": { "uuid": "^10.0.0" } }, "sha512-t76ZucAnvGC60ea/HjVsB0TSoB0cw9yjnfurUgtInXQWUI/VcrlZGpO23KN3iSe8yOGUgb1zr7W7uEzJ3hSljA=="],

    "typescript": ["typescript@5.9.3", "", { "bin": { "tsc": "bin/tsc", "tsserver": "bin/tsserver" } }, "sha512-jl1vZzPDinLr9eUt3J/t7V6FgNEw9QjvBPdysz9KfQDD41fQrC2Y4vKQdiaUpFT4bXlb1RHhLpp8wtm6M5TgSw=="],

    "uglify-js": ["uglify-js@3.19.3", "", { "bin": { "uglifyjs": "bin/uglifyjs" } }, "sha512-v3Xu+yuwBXisp6QYTcH4UbH+xYJXqnq2m/LtQVWKWzYc1iehYnLixoQDN9FH6/j9/oybfd6W9Ghwkl8+UMKTKQ=="],

    "undici-types": ["undici-types@7.16.0", "", {}, "sha512-Zz+aZWSj8LE6zoxD+xrjh4VfkIG8Ya6LvYkZqtUQGJPZjYl53ypCaUwWqo7eI0x66KBGeRo+mlBEkMSeSZ38Nw=="],

    "uuid": ["uuid@10.0.0", "", { "bin": { "uuid": "dist/bin/uuid" } }, "sha512-8XkAphELsDnEGrDxUOHB3RGvXz6TeuYSGEZBOjtTtPm2lwhGBjLgOzLHB63IUWfBpNucQjND6d3AOudO+H3RWQ=="],

    "wordwrap": ["wordwrap@1.0.0", "", {}, "sha512-gvVzJFlPycKc5dZN4yPkP8w7Dc37BtP1yczEneOb4uq34pXZcvrtRTmWV8W+Ume+XCxKgbjM+nevkyFPMybd4Q=="],

    "zod": ["zod@4.3.6", "", {}, "sha512-rftlrkhHZOcjDwkGlnUtZZkvaPHCsDATp4pGpuOOMDaTdDDXF91wuVDJoWoPsKX/3YPQ5fHuF3STjcYyKr+Qhg=="],
  }
}
